
Microsoft Visual Studio Solution File, Format Version 12.00
# Visual Studio Version 17
VisualStudioVersion = 17.14.36414.22
MinimumVisualStudioVersion = 10.0.40219.1
Project("{FAE04EC0-301F-11D3-BF4B-00C04F79EFBC}") = "TansuCloud.Dashboard", "TansuCloud.Dashboard\TansuCloud.Dashboard.csproj", "{ED79CC6D-0275-4F78-B8E7-2DF14F1E385C}"
EndProject
Project("{FAE04EC0-301F-11D3-BF4B-00C04F79EFBC}") = "TansuCloud.Gateway.UnitTests", "tests\TansuCloud.Gateway.UnitTests\TansuCloud.Gateway.UnitTests.csproj", "{5718B8D5-8C63-4C47-8013-3B1C36B1C6B3}"
EndProject
Project("{FAE04EC0-301F-11D3-BF4B-00C04F79EFBC}") = "TansuCloud.Observability.Shared", "TansuCloud.Observability.Shared\TansuCloud.Observability.Shared.csproj", "{D4D8B02C-0C3C-4F6E-A7A2-5615F4C7E6B1}"
EndProject
Project("{FAE04EC0-301F-11D3-BF4B-00C04F79EFBC}") = "TansuCloud.Gateway", "TansuCloud.Gateway\TansuCloud.Gateway.csproj", "{DD80B273-1329-4B50-BE23-947D117F0D9F}"
EndProject
Project("{FAE04EC0-301F-11D3-BF4B-00C04F79EFBC}") = "TansuCloud.Identity", "TansuCloud.Identity\TansuCloud.Identity.csproj", "{0AF4DFAB-0085-46B3-A1BF-1E2BF0A47D95}"
EndProject
Project("{FAE04EC0-301F-11D3-BF4B-00C04F79EFBC}") = "TansuCloud.Storage", "TansuCloud.Storage\TansuCloud.Storage.csproj", "{82435328-8C71-4815-A8D8-81D4BBB6A06F}"
EndProject
Project("{FAE04EC0-301F-11D3-BF4B-00C04F79EFBC}") = "TansuCloud.Database", "TansuCloud.Database\TansuCloud.Database.csproj", "{0777234F-7060-436A-B8B2-63286882E808}"
EndProject
Project("{FAE04EC0-301F-11D3-BF4B-00C04F79EFBC}") = "TansuCloud.E2E.Tests", "tests\TansuCloud.E2E.Tests\TansuCloud.E2E.Tests.csproj", "{9B4F1F89-45F0-4E6E-9E0E-8B7D4E2C5C33}"
EndProject
Project("{FAE04EC0-301F-11D3-BF4B-00C04F79EFBC}") = "Dev.PgcatConfigurator", "Dev.PgcatConfigurator\Dev.PgcatConfigurator.csproj", "{3A02E1F8-7505-4C71-A4C8-9B3D4C9D8E0A}"
EndProject
Project("{FAE04EC0-301F-11D3-BF4B-00C04F79EFBC}") = "TansuCloud.Storage.UnitTests", "tests\TansuCloud.Storage.UnitTests\TansuCloud.Storage.UnitTests.csproj", "{A28F8F5A-9F6C-4D0B-A69F-1E16E51D5EAF}"
EndProject
Project("{FAE04EC0-301F-11D3-BF4B-00C04F79EFBC}") = "TansuCloud.Dashboard.UnitTests", "tests\TansuCloud.Dashboard.UnitTests\TansuCloud.Dashboard.UnitTests.csproj", "{6C2F4D5C-1A9C-4F6F-9E89-8B9E6B4B7C21}"
EndProject
Project("{2150E333-8FDC-42A3-9474-1A3956D46DE8}") = "Solution Items", "Solution Items", "{089100B1-113F-4E66-888A-E83F3999EAFD}"
	ProjectSection(SolutionItems) = preProject
		Architecture-Study.md = Architecture-Study.md
		Architecture.md = Architecture.md
		Development-Principles.md = Development-Principles.md
		Requirements.md = Requirements.md
		Tasks-M1.md = Tasks-M1.md
		Tasks-M2.md = Tasks-M2.md
		Tasks-M3.md = Tasks-M3.md
		Tasks-M4.md = Tasks-M4.md
		Tasks.md = Tasks.md
	EndProjectSection
EndProject
Global
	GlobalSection(SolutionConfigurationPlatforms) = preSolution
		Debug|Any CPU = Debug|Any CPU
		Debug|x64 = Debug|x64
		Debug|x86 = Debug|x86
		Release|Any CPU = Release|Any CPU
		Release|x64 = Release|x64
		Release|x86 = Release|x86
	EndGlobalSection
	GlobalSection(ProjectConfigurationPlatforms) = postSolution
		{ED79CC6D-0275-4F78-B8E7-2DF14F1E385C}.Debug|Any CPU.ActiveCfg = Debug|Any CPU
		{ED79CC6D-0275-4F78-B8E7-2DF14F1E385C}.Debug|Any CPU.Build.0 = Debug|Any CPU
		{ED79CC6D-0275-4F78-B8E7-2DF14F1E385C}.Debug|x64.ActiveCfg = Debug|Any CPU
		{ED79CC6D-0275-4F78-B8E7-2DF14F1E385C}.Debug|x64.Build.0 = Debug|Any CPU
		{ED79CC6D-0275-4F78-B8E7-2DF14F1E385C}.Debug|x86.ActiveCfg = Debug|Any CPU
		{ED79CC6D-0275-4F78-B8E7-2DF14F1E385C}.Debug|x86.Build.0 = Debug|Any CPU
		{ED79CC6D-0275-4F78-B8E7-2DF14F1E385C}.Release|Any CPU.ActiveCfg = Release|Any CPU
		{ED79CC6D-0275-4F78-B8E7-2DF14F1E385C}.Release|Any CPU.Build.0 = Release|Any CPU
		{ED79CC6D-0275-4F78-B8E7-2DF14F1E385C}.Release|x64.ActiveCfg = Release|Any CPU
		{ED79CC6D-0275-4F78-B8E7-2DF14F1E385C}.Release|x64.Build.0 = Release|Any CPU
		{ED79CC6D-0275-4F78-B8E7-2DF14F1E385C}.Release|x86.ActiveCfg = Release|Any CPU
		{ED79CC6D-0275-4F78-B8E7-2DF14F1E385C}.Release|x86.Build.0 = Release|Any CPU
		{5718B8D5-8C63-4C47-8013-3B1C36B1C6B3}.Debug|Any CPU.ActiveCfg = Debug|Any CPU
		{5718B8D5-8C63-4C47-8013-3B1C36B1C6B3}.Debug|Any CPU.Build.0 = Debug|Any CPU
		{5718B8D5-8C63-4C47-8013-3B1C36B1C6B3}.Debug|x64.ActiveCfg = Debug|Any CPU
		{5718B8D5-8C63-4C47-8013-3B1C36B1C6B3}.Debug|x64.Build.0 = Debug|Any CPU
		{5718B8D5-8C63-4C47-8013-3B1C36B1C6B3}.Debug|x86.ActiveCfg = Debug|Any CPU
		{5718B8D5-8C63-4C47-8013-3B1C36B1C6B3}.Debug|x86.Build.0 = Debug|Any CPU
		{5718B8D5-8C63-4C47-8013-3B1C36B1C6B3}.Release|Any CPU.ActiveCfg = Release|Any CPU
		{5718B8D5-8C63-4C47-8013-3B1C36B1C6B3}.Release|Any CPU.Build.0 = Release|Any CPU
		{5718B8D5-8C63-4C47-8013-3B1C36B1C6B3}.Release|x64.ActiveCfg = Release|Any CPU
		{5718B8D5-8C63-4C47-8013-3B1C36B1C6B3}.Release|x64.Build.0 = Release|Any CPU
		{5718B8D5-8C63-4C47-8013-3B1C36B1C6B3}.Release|x86.ActiveCfg = Release|Any CPU
		{5718B8D5-8C63-4C47-8013-3B1C36B1C6B3}.Release|x86.Build.0 = Release|Any CPU
		{D4D8B02C-0C3C-4F6E-A7A2-5615F4C7E6B1}.Debug|Any CPU.ActiveCfg = Debug|Any CPU
		{D4D8B02C-0C3C-4F6E-A7A2-5615F4C7E6B1}.Debug|Any CPU.Build.0 = Debug|Any CPU
		{D4D8B02C-0C3C-4F6E-A7A2-5615F4C7E6B1}.Debug|x64.ActiveCfg = Debug|Any CPU
		{D4D8B02C-0C3C-4F6E-A7A2-5615F4C7E6B1}.Debug|x64.Build.0 = Debug|Any CPU
		{D4D8B02C-0C3C-4F6E-A7A2-5615F4C7E6B1}.Debug|x86.ActiveCfg = Debug|Any CPU
		{D4D8B02C-0C3C-4F6E-A7A2-5615F4C7E6B1}.Debug|x86.Build.0 = Debug|Any CPU
		{D4D8B02C-0C3C-4F6E-A7A2-5615F4C7E6B1}.Release|Any CPU.ActiveCfg = Release|Any CPU
		{D4D8B02C-0C3C-4F6E-A7A2-5615F4C7E6B1}.Release|Any CPU.Build.0 = Release|Any CPU
		{D4D8B02C-0C3C-4F6E-A7A2-5615F4C7E6B1}.Release|x64.ActiveCfg = Release|Any CPU
		{D4D8B02C-0C3C-4F6E-A7A2-5615F4C7E6B1}.Release|x64.Build.0 = Release|Any CPU
		{D4D8B02C-0C3C-4F6E-A7A2-5615F4C7E6B1}.Release|x86.ActiveCfg = Release|Any CPU
		{D4D8B02C-0C3C-4F6E-A7A2-5615F4C7E6B1}.Release|x86.Build.0 = Release|Any CPU
		{DD80B273-1329-4B50-BE23-947D117F0D9F}.Debug|Any CPU.ActiveCfg = Debug|Any CPU
		{DD80B273-1329-4B50-BE23-947D117F0D9F}.Debug|Any CPU.Build.0 = Debug|Any CPU
		{DD80B273-1329-4B50-BE23-947D117F0D9F}.Debug|x64.ActiveCfg = Debug|Any CPU
		{DD80B273-1329-4B50-BE23-947D117F0D9F}.Debug|x64.Build.0 = Debug|Any CPU
		{DD80B273-1329-4B50-BE23-947D117F0D9F}.Debug|x86.ActiveCfg = Debug|Any CPU
		{DD80B273-1329-4B50-BE23-947D117F0D9F}.Debug|x86.Build.0 = Debug|Any CPU
		{DD80B273-1329-4B50-BE23-947D117F0D9F}.Release|Any CPU.ActiveCfg = Release|Any CPU
		{DD80B273-1329-4B50-BE23-947D117F0D9F}.Release|Any CPU.Build.0 = Release|Any CPU
		{DD80B273-1329-4B50-BE23-947D117F0D9F}.Release|x64.ActiveCfg = Release|Any CPU
		{DD80B273-1329-4B50-BE23-947D117F0D9F}.Release|x64.Build.0 = Release|Any CPU
		{DD80B273-1329-4B50-BE23-947D117F0D9F}.Release|x86.ActiveCfg = Release|Any CPU
		{DD80B273-1329-4B50-BE23-947D117F0D9F}.Release|x86.Build.0 = Release|Any CPU
		{0AF4DFAB-0085-46B3-A1BF-1E2BF0A47D95}.Debug|Any CPU.ActiveCfg = Debug|Any CPU
		{0AF4DFAB-0085-46B3-A1BF-1E2BF0A47D95}.Debug|Any CPU.Build.0 = Debug|Any CPU
		{0AF4DFAB-0085-46B3-A1BF-1E2BF0A47D95}.Debug|x64.ActiveCfg = Debug|Any CPU
		{0AF4DFAB-0085-46B3-A1BF-1E2BF0A47D95}.Debug|x64.Build.0 = Debug|Any CPU
		{0AF4DFAB-0085-46B3-A1BF-1E2BF0A47D95}.Debug|x86.ActiveCfg = Debug|Any CPU
		{0AF4DFAB-0085-46B3-A1BF-1E2BF0A47D95}.Debug|x86.Build.0 = Debug|Any CPU
		{0AF4DFAB-0085-46B3-A1BF-1E2BF0A47D95}.Release|Any CPU.ActiveCfg = Release|Any CPU
		{0AF4DFAB-0085-46B3-A1BF-1E2BF0A47D95}.Release|Any CPU.Build.0 = Release|Any CPU
		{0AF4DFAB-0085-46B3-A1BF-1E2BF0A47D95}.Release|x64.ActiveCfg = Release|Any CPU
		{0AF4DFAB-0085-46B3-A1BF-1E2BF0A47D95}.Release|x64.Build.0 = Release|Any CPU
		{0AF4DFAB-0085-46B3-A1BF-1E2BF0A47D95}.Release|x86.ActiveCfg = Release|Any CPU
		{0AF4DFAB-0085-46B3-A1BF-1E2BF0A47D95}.Release|x86.Build.0 = Release|Any CPU
		{82435328-8C71-4815-A8D8-81D4BBB6A06F}.Debug|Any CPU.ActiveCfg = Debug|Any CPU
		{82435328-8C71-4815-A8D8-81D4BBB6A06F}.Debug|Any CPU.Build.0 = Debug|Any CPU
		{82435328-8C71-4815-A8D8-81D4BBB6A06F}.Debug|x64.ActiveCfg = Debug|Any CPU
		{82435328-8C71-4815-A8D8-81D4BBB6A06F}.Debug|x64.Build.0 = Debug|Any CPU
		{82435328-8C71-4815-A8D8-81D4BBB6A06F}.Debug|x86.ActiveCfg = Debug|Any CPU
		{82435328-8C71-4815-A8D8-81D4BBB6A06F}.Debug|x86.Build.0 = Debug|Any CPU
		{82435328-8C71-4815-A8D8-81D4BBB6A06F}.Release|Any CPU.ActiveCfg = Release|Any CPU
		{82435328-8C71-4815-A8D8-81D4BBB6A06F}.Release|Any CPU.Build.0 = Release|Any CPU
		{82435328-8C71-4815-A8D8-81D4BBB6A06F}.Release|x64.ActiveCfg = Release|Any CPU
		{82435328-8C71-4815-A8D8-81D4BBB6A06F}.Release|x64.Build.0 = Release|Any CPU
		{82435328-8C71-4815-A8D8-81D4BBB6A06F}.Release|x86.ActiveCfg = Release|Any CPU
		{82435328-8C71-4815-A8D8-81D4BBB6A06F}.Release|x86.Build.0 = Release|Any CPU
		{0777234F-7060-436A-B8B2-63286882E808}.Debug|Any CPU.ActiveCfg = Debug|Any CPU
		{0777234F-7060-436A-B8B2-63286882E808}.Debug|Any CPU.Build.0 = Debug|Any CPU
		{0777234F-7060-436A-B8B2-63286882E808}.Debug|x64.ActiveCfg = Debug|Any CPU
		{0777234F-7060-436A-B8B2-63286882E808}.Debug|x64.Build.0 = Debug|Any CPU
		{0777234F-7060-436A-B8B2-63286882E808}.Debug|x86.ActiveCfg = Debug|Any CPU
		{0777234F-7060-436A-B8B2-63286882E808}.Debug|x86.Build.0 = Debug|Any CPU
		{0777234F-7060-436A-B8B2-63286882E808}.Release|Any CPU.ActiveCfg = Release|Any CPU
		{0777234F-7060-436A-B8B2-63286882E808}.Release|Any CPU.Build.0 = Release|Any CPU
		{0777234F-7060-436A-B8B2-63286882E808}.Release|x64.ActiveCfg = Release|Any CPU
		{0777234F-7060-436A-B8B2-63286882E808}.Release|x64.Build.0 = Release|Any CPU
		{0777234F-7060-436A-B8B2-63286882E808}.Release|x86.ActiveCfg = Release|Any CPU
		{0777234F-7060-436A-B8B2-63286882E808}.Release|x86.Build.0 = Release|Any CPU
		{9B4F1F89-45F0-4E6E-9E0E-8B7D4E2C5C33}.Debug|Any CPU.ActiveCfg = Debug|Any CPU
		{9B4F1F89-45F0-4E6E-9E0E-8B7D4E2C5C33}.Debug|Any CPU.Build.0 = Debug|Any CPU
		{9B4F1F89-45F0-4E6E-9E0E-8B7D4E2C5C33}.Debug|x64.ActiveCfg = Debug|Any CPU
		{9B4F1F89-45F0-4E6E-9E0E-8B7D4E2C5C33}.Debug|x64.Build.0 = Debug|Any CPU
		{9B4F1F89-45F0-4E6E-9E0E-8B7D4E2C5C33}.Debug|x86.ActiveCfg = Debug|Any CPU
		{9B4F1F89-45F0-4E6E-9E0E-8B7D4E2C5C33}.Debug|x86.Build.0 = Debug|Any CPU
		{9B4F1F89-45F0-4E6E-9E0E-8B7D4E2C5C33}.Release|Any CPU.ActiveCfg = Release|Any CPU
		{9B4F1F89-45F0-4E6E-9E0E-8B7D4E2C5C33}.Release|Any CPU.Build.0 = Release|Any CPU
		{9B4F1F89-45F0-4E6E-9E0E-8B7D4E2C5C33}.Release|x64.ActiveCfg = Release|Any CPU
		{9B4F1F89-45F0-4E6E-9E0E-8B7D4E2C5C33}.Release|x64.Build.0 = Release|Any CPU
		{9B4F1F89-45F0-4E6E-9E0E-8B7D4E2C5C33}.Release|x86.ActiveCfg = Release|Any CPU
		{9B4F1F89-45F0-4E6E-9E0E-8B7D4E2C5C33}.Release|x86.Build.0 = Release|Any CPU
		{3A02E1F8-7505-4C71-A4C8-9B3D4C9D8E0A}.Debug|Any CPU.ActiveCfg = Debug|Any CPU
		{3A02E1F8-7505-4C71-A4C8-9B3D4C9D8E0A}.Debug|Any CPU.Build.0 = Debug|Any CPU
		{3A02E1F8-7505-4C71-A4C8-9B3D4C9D8E0A}.Debug|x64.ActiveCfg = Debug|Any CPU
		{3A02E1F8-7505-4C71-A4C8-9B3D4C9D8E0A}.Debug|x64.Build.0 = Debug|Any CPU
		{3A02E1F8-7505-4C71-A4C8-9B3D4C9D8E0A}.Debug|x86.ActiveCfg = Debug|Any CPU
		{3A02E1F8-7505-4C71-A4C8-9B3D4C9D8E0A}.Debug|x86.Build.0 = Debug|Any CPU
		{3A02E1F8-7505-4C71-A4C8-9B3D4C9D8E0A}.Release|Any CPU.ActiveCfg = Release|Any CPU
		{3A02E1F8-7505-4C71-A4C8-9B3D4C9D8E0A}.Release|Any CPU.Build.0 = Release|Any CPU
		{3A02E1F8-7505-4C71-A4C8-9B3D4C9D8E0A}.Release|x64.ActiveCfg = Release|Any CPU
		{3A02E1F8-7505-4C71-A4C8-9B3D4C9D8E0A}.Release|x64.Build.0 = Release|Any CPU
		{3A02E1F8-7505-4C71-A4C8-9B3D4C9D8E0A}.Release|x86.ActiveCfg = Release|Any CPU
		{3A02E1F8-7505-4C71-A4C8-9B3D4C9D8E0A}.Release|x86.Build.0 = Release|Any CPU
		{A28F8F5A-9F6C-4D0B-A69F-1E16E51D5EAF}.Debug|Any CPU.ActiveCfg = Debug|Any CPU
		{A28F8F5A-9F6C-4D0B-A69F-1E16E51D5EAF}.Debug|Any CPU.Build.0 = Debug|Any CPU
		{A28F8F5A-9F6C-4D0B-A69F-1E16E51D5EAF}.Debug|x64.ActiveCfg = Debug|Any CPU
		{A28F8F5A-9F6C-4D0B-A69F-1E16E51D5EAF}.Debug|x64.Build.0 = Debug|Any CPU
		{A28F8F5A-9F6C-4D0B-A69F-1E16E51D5EAF}.Debug|x86.ActiveCfg = Debug|Any CPU
		{A28F8F5A-9F6C-4D0B-A69F-1E16E51D5EAF}.Debug|x86.Build.0 = Debug|Any CPU
		{A28F8F5A-9F6C-4D0B-A69F-1E16E51D5EAF}.Release|Any CPU.ActiveCfg = Release|Any CPU
		{A28F8F5A-9F6C-4D0B-A69F-1E16E51D5EAF}.Release|Any CPU.Build.0 = Release|Any CPU
		{A28F8F5A-9F6C-4D0B-A69F-1E16E51D5EAF}.Release|x64.ActiveCfg = Release|Any CPU
		{A28F8F5A-9F6C-4D0B-A69F-1E16E51D5EAF}.Release|x64.Build.0 = Release|Any CPU
		{A28F8F5A-9F6C-4D0B-A69F-1E16E51D5EAF}.Release|x86.ActiveCfg = Release|Any CPU
		{A28F8F5A-9F6C-4D0B-A69F-1E16E51D5EAF}.Release|x86.Build.0 = Release|Any CPU
		{6C2F4D5C-1A9C-4F6F-9E89-8B9E6B4B7C21}.Debug|Any CPU.ActiveCfg = Debug|Any CPU
		{6C2F4D5C-1A9C-4F6F-9E89-8B9E6B4B7C21}.Debug|Any CPU.Build.0 = Debug|Any CPU
		{6C2F4D5C-1A9C-4F6F-9E89-8B9E6B4B7C21}.Debug|x64.ActiveCfg = Debug|Any CPU
		{6C2F4D5C-1A9C-4F6F-9E89-8B9E6B4B7C21}.Debug|x64.Build.0 = Debug|Any CPU
		{6C2F4D5C-1A9C-4F6F-9E89-8B9E6B4B7C21}.Debug|x86.ActiveCfg = Debug|Any CPU
		{6C2F4D5C-1A9C-4F6F-9E89-8B9E6B4B7C21}.Debug|x86.Build.0 = Debug|Any CPU
		{6C2F4D5C-1A9C-4F6F-9E89-8B9E6B4B7C21}.Release|Any CPU.ActiveCfg = Release|Any CPU
		{6C2F4D5C-1A9C-4F6F-9E89-8B9E6B4B7C21}.Release|Any CPU.Build.0 = Release|Any CPU
		{6C2F4D5C-1A9C-4F6F-9E89-8B9E6B4B7C21}.Release|x64.ActiveCfg = Release|Any CPU
		{6C2F4D5C-1A9C-4F6F-9E89-8B9E6B4B7C21}.Release|x64.Build.0 = Release|Any CPU
		{6C2F4D5C-1A9C-4F6F-9E89-8B9E6B4B7C21}.Release|x86.ActiveCfg = Release|Any CPU
		{6C2F4D5C-1A9C-4F6F-9E89-8B9E6B4B7C21}.Release|x86.Build.0 = Release|Any CPU
	EndGlobalSection
	GlobalSection(SolutionProperties) = preSolution
		HideSolutionNode = FALSE
	EndGlobalSection
	GlobalSection(ExtensibilityGlobals) = postSolution
		SolutionGuid = {F67286C0-58D5-4958-82B4-75FD33B07691}
	EndGlobalSection
EndGlobal
